
Microsoft Visual Studio Solution File, Format Version 12.00
# Visual Studio 15
VisualStudioVersion = 15.0.34112.143
MinimumVisualStudioVersion = 10.0.40219.1
Project("{FAE04EC0-301F-11D3-BF4B-00C04F79EFBC}") = "MVC Practicals", "MVC Practicals\MVC Practicals.csproj", "{5FAA651B-387F-4807-AB5E-E721A1084683}"
EndProject
Project("{FAE04EC0-301F-11D3-BF4B-00C04F79EFBC}") = "Practical-5", "Practical-5\Practical-5.csproj", "{798ADDEC-A292-4093-81C2-EE621FE46282}"
EndProject
Project("{FAE04EC0-301F-11D3-BF4B-00C04F79EFBC}") = "Practical_6", "Practical_6\Practical_6.csproj", "{F3F73830-411C-409F-94BD-20852AF1C63D}"
EndProject
Project("{FAE04EC0-301F-11D3-BF4B-00C04F79EFBC}") = "Practical_4", "Practical_4\Practical_4.csproj", "{FC6326D7-58A4-4970-AC71-1CAAC6FCBD49}"
EndProject
Project("{FAE04EC0-301F-11D3-BF4B-00C04F79EFBC}") = "Practical_7", "Practical_7\Practical_7.csproj", "{8A687AB9-36E6-4E4D-A027-29A1D74BC87C}"
EndProject
Global
	GlobalSection(SolutionConfigurationPlatforms) = preSolution
		Debug|Any CPU = Debug|Any CPU
		Release|Any CPU = Release|Any CPU
	EndGlobalSection
	GlobalSection(ProjectConfigurationPlatforms) = postSolution
		{5FAA651B-387F-4807-AB5E-E721A1084683}.Debug|Any CPU.ActiveCfg = Debug|Any CPU
		{5FAA651B-387F-4807-AB5E-E721A1084683}.Debug|Any CPU.Build.0 = Debug|Any CPU
		{5FAA651B-387F-4807-AB5E-E721A1084683}.Release|Any CPU.ActiveCfg = Release|Any CPU
		{5FAA651B-387F-4807-AB5E-E721A1084683}.Release|Any CPU.Build.0 = Release|Any CPU
		{798ADDEC-A292-4093-81C2-EE621FE46282}.Debug|Any CPU.ActiveCfg = Debug|Any CPU
		{798ADDEC-A292-4093-81C2-EE621FE46282}.Debug|Any CPU.Build.0 = Debug|Any CPU
		{798ADDEC-A292-4093-81C2-EE621FE46282}.Release|Any CPU.ActiveCfg = Release|Any CPU
		{798ADDEC-A292-4093-81C2-EE621FE46282}.Release|Any CPU.Build.0 = Release|Any CPU
		{F3F73830-411C-409F-94BD-20852AF1C63D}.Debug|Any CPU.ActiveCfg = Debug|Any CPU
		{F3F73830-411C-409F-94BD-20852AF1C63D}.Debug|Any CPU.Build.0 = Debug|Any CPU
		{F3F73830-411C-409F-94BD-20852AF1C63D}.Release|Any CPU.ActiveCfg = Release|Any CPU
		{F3F73830-411C-409F-94BD-20852AF1C63D}.Release|Any CPU.Build.0 = Release|Any CPU
		{FC6326D7-58A4-4970-AC71-1CAAC6FCBD49}.Debug|Any CPU.ActiveCfg = Debug|Any CPU
		{FC6326D7-58A4-4970-AC71-1CAAC6FCBD49}.Debug|Any CPU.Build.0 = Debug|Any CPU
		{FC6326D7-58A4-4970-AC71-1CAAC6FCBD49}.Release|Any CPU.ActiveCfg = Release|Any CPU
		{FC6326D7-58A4-4970-AC71-1CAAC6FCBD49}.Release|Any CPU.Build.0 = Release|Any CPU
		{8A687AB9-36E6-4E4D-A027-29A1D74BC87C}.Debug|Any CPU.ActiveCfg = Debug|Any CPU
		{8A687AB9-36E6-4E4D-A027-29A1D74BC87C}.Debug|Any CPU.Build.0 = Debug|Any CPU
		{8A687AB9-36E6-4E4D-A027-29A1D74BC87C}.Release|Any CPU.ActiveCfg = Release|Any CPU
		{8A687AB9-36E6-4E4D-A027-29A1D74BC87C}.Release|Any CPU.Build.0 = Release|Any CPU
	EndGlobalSection
	GlobalSection(SolutionProperties) = preSolution
		HideSolutionNode = FALSE
	EndGlobalSection
	GlobalSection(ExtensibilityGlobals) = postSolution
		SolutionGuid = {BFF622C4-F384-4C3A-A66B-6B06DF94E2CB}
	EndGlobalSection
EndGlobal
